
Microsoft Visual Studio Solution File, Format Version 12.00
# Visual Studio Version 17
VisualStudioVersion = 17.5.002.0
MinimumVisualStudioVersion = 10.0.40219.1
Project("{9A19103F-16F7-4668-BE54-9A1E7A4F7556}") = "Habacuque.Tests", "Habacuque.Tests\Habacuque.Tests.csproj", "{80CBF465-4577-4114-8D63-524C580FA00D}"
EndProject
Project("{9A19103F-16F7-4668-BE54-9A1E7A4F7556}") = "Habacuque.Domain", "Habacuque.Domain\Habacuque.Domain.csproj", "{B90C171C-6A53-4615-8FBA-94BD91C4FCEE}"
EndProject
Project("{9A19103F-16F7-4668-BE54-9A1E7A4F7556}") = "Habacuque.Infra", "Habacuque.Infra\Habacuque.Infra.csproj", "{C33EEDDD-6B61-430F-9FF5-BFC888ED5CF4}"
EndProject
Project("{9A19103F-16F7-4668-BE54-9A1E7A4F7556}") = "Habacuque.Application", "Habacuque.Application\Habacuque.Application.csproj", "{B163617B-23E4-469C-84B9-D0B3188C89FF}"
EndProject
Project("{9A19103F-16F7-4668-BE54-9A1E7A4F7556}") = "Habacuque.Api", "Habacuque.Api\Habacuque.Api.csproj", "{C22B4DF9-5B8E-4868-B5DB-3305DA024424}"
EndProject
Global
	GlobalSection(SolutionConfigurationPlatforms) = preSolution
		Debug|Any CPU = Debug|Any CPU
		Release|Any CPU = Release|Any CPU
	EndGlobalSection
	GlobalSection(ProjectConfigurationPlatforms) = postSolution
		{80CBF465-4577-4114-8D63-524C580FA00D}.Debug|Any CPU.ActiveCfg = Debug|Any CPU
		{80CBF465-4577-4114-8D63-524C580FA00D}.Debug|Any CPU.Build.0 = Debug|Any CPU
		{80CBF465-4577-4114-8D63-524C580FA00D}.Release|Any CPU.ActiveCfg = Release|Any CPU
		{80CBF465-4577-4114-8D63-524C580FA00D}.Release|Any CPU.Build.0 = Release|Any CPU
		{B90C171C-6A53-4615-8FBA-94BD91C4FCEE}.Debug|Any CPU.ActiveCfg = Debug|Any CPU
		{B90C171C-6A53-4615-8FBA-94BD91C4FCEE}.Debug|Any CPU.Build.0 = Debug|Any CPU
		{B90C171C-6A53-4615-8FBA-94BD91C4FCEE}.Release|Any CPU.ActiveCfg = Release|Any CPU
		{B90C171C-6A53-4615-8FBA-94BD91C4FCEE}.Release|Any CPU.Build.0 = Release|Any CPU
		{C33EEDDD-6B61-430F-9FF5-BFC888ED5CF4}.Debug|Any CPU.ActiveCfg = Debug|Any CPU
		{C33EEDDD-6B61-430F-9FF5-BFC888ED5CF4}.Debug|Any CPU.Build.0 = Debug|Any CPU
		{C33EEDDD-6B61-430F-9FF5-BFC888ED5CF4}.Release|Any CPU.ActiveCfg = Release|Any CPU
		{C33EEDDD-6B61-430F-9FF5-BFC888ED5CF4}.Release|Any CPU.Build.0 = Release|Any CPU
		{B163617B-23E4-469C-84B9-D0B3188C89FF}.Debug|Any CPU.ActiveCfg = Debug|Any CPU
		{B163617B-23E4-469C-84B9-D0B3188C89FF}.Debug|Any CPU.Build.0 = Debug|Any CPU
		{B163617B-23E4-469C-84B9-D0B3188C89FF}.Release|Any CPU.ActiveCfg = Release|Any CPU
		{B163617B-23E4-469C-84B9-D0B3188C89FF}.Release|Any CPU.Build.0 = Release|Any CPU
		{C22B4DF9-5B8E-4868-B5DB-3305DA024424}.Debug|Any CPU.ActiveCfg = Debug|Any CPU
		{C22B4DF9-5B8E-4868-B5DB-3305DA024424}.Debug|Any CPU.Build.0 = Debug|Any CPU
		{C22B4DF9-5B8E-4868-B5DB-3305DA024424}.Release|Any CPU.ActiveCfg = Release|Any CPU
		{C22B4DF9-5B8E-4868-B5DB-3305DA024424}.Release|Any CPU.Build.0 = Release|Any CPU
	EndGlobalSection
	GlobalSection(SolutionProperties) = preSolution
		HideSolutionNode = FALSE
	EndGlobalSection
	GlobalSection(ExtensibilityGlobals) = postSolution
		SolutionGuid = {FA141E9E-4F8E-4B63-B990-CB515A3FB14B}
	EndGlobalSection
EndGlobal
